
Microsoft Visual Studio Solution File, Format Version 12.00
# Visual Studio Version 17
VisualStudioVersion = 17.2.32505.173
MinimumVisualStudioVersion = 10.0.40219.1
Project("{FAE04EC0-301F-11D3-BF4B-00C04F79EFBC}") = "Labka2", "Labka2.csproj", "{E0038967-AF85-4756-9DF8-E367318346B3}"
EndProject
Global
	GlobalSection(SolutionConfigurationPlatforms) = preSolution
		Debug|Any CPU = Debug|Any CPU
		Release|Any CPU = Release|Any CPU
	EndGlobalSection
	GlobalSection(ProjectConfigurationPlatforms) = postSolution
		{E0038967-AF85-4756-9DF8-E367318346B3}.Debug|Any CPU.ActiveCfg = Debug|Any CPU
		{E0038967-AF85-4756-9DF8-E367318346B3}.Debug|Any CPU.Build.0 = Debug|Any CPU
		{E0038967-AF85-4756-9DF8-E367318346B3}.Release|Any CPU.ActiveCfg = Release|Any CPU
		{E0038967-AF85-4756-9DF8-E367318346B3}.Release|Any CPU.Build.0 = Release|Any CPU
	EndGlobalSection
	GlobalSection(SolutionProperties) = preSolution
		HideSolutionNode = FALSE
	EndGlobalSection
	GlobalSection(ExtensibilityGlobals) = postSolution
		SolutionGuid = {8757C336-8FDA-4348-AE80-C2A7CC2E68A6}
	EndGlobalSection
EndGlobal
